{
    "_readme": [
        "This file locks the dependencies of your project to a known state",
        "Read more about it at https://getcomposer.org/doc/01-basic-usage.md#installing-dependencies",
        "This file is @generated automatically"
    ],
    "content-hash": "4381522d392b0819f1a88e92c9d49c09",
    "packages": [
        {
            "name": "paragonie/corner",
            "version": "v2.0.1",
            "source": {
                "type": "git",
                "url": "https://github.com/paragonie/corner.git",
                "reference": "f222adc1da32547e20a3c5007f4a711b0cf633d0"
            },
            "dist": {
                "type": "zip",
                "url": "https://api.github.com/repos/paragonie/corner/zipball/f222adc1da32547e20a3c5007f4a711b0cf633d0",
                "reference": "f222adc1da32547e20a3c5007f4a711b0cf633d0",
                "shasum": ""
            },
            "require": {
                "php": "^7.1|^8"
            },
            "require-dev": {
                "phpunit/phpunit": "^7",
                "psalm/plugin-phpunit": "<1",
                "vimeo/psalm": "^3"
            },
            "type": "library",
            "autoload": {
                "psr-4": {
                    "ParagonIE\\Corner\\": "src/"
                }
            },
            "notification-url": "https://packagist.org/downloads/",
            "license": [
                "ISC"
            ],
            "authors": [
                {
                    "name": "Paragon Initiative Enterprises",
                    "email": "security@paragonie.com"
                }
            ],
            "description": "Generic PHP Exceptions and Errors, made user-friendly.",
            "support": {
                "issues": "https://github.com/paragonie/corner/issues",
                "source": "https://github.com/paragonie/corner/tree/v2.0.1"
            },
            "time": "2020-01-20T00:57:57+00:00"
        },
        {
            "name": "paragonie/easydb",
            "version": "v2.11.0",
            "source": {
                "type": "git",
                "url": "https://github.com/paragonie/easydb.git",
                "reference": "38cfac4bbd96960628ca3237ed98f3f344ffdd7b"
            },
            "dist": {
                "type": "zip",
                "url": "https://api.github.com/repos/paragonie/easydb/zipball/38cfac4bbd96960628ca3237ed98f3f344ffdd7b",
                "reference": "38cfac4bbd96960628ca3237ed98f3f344ffdd7b",
                "shasum": ""
            },
            "require": {
                "ext-pdo": "*",
                "paragonie/corner": "^1|^2",
                "php": "^7|^8"
            },
            "require-dev": {
                "phpunit/phpunit": "^6|^7",
                "psalm/plugin-phpunit": "<1",
                "squizlabs/php_codesniffer": "^3",
                "vimeo/psalm": "^3"
            },
            "type": "library",
            "autoload": {
                "psr-4": {
                    "ParagonIE\\EasyDB\\": "src"
                }
            },
            "notification-url": "https://packagist.org/downloads/",
            "license": [
                "MIT"
            ],
            "authors": [
                {
                    "name": "Scott Arciszewski",
                    "email": "scott@paragonie.com",
                    "homepage": "https://paragonie.com",
                    "role": "Developer"
                },
                {
                    "name": "Woody Gilk",
                    "homepage": "https://github.com/shadowhand",
                    "role": "Contributor"
                },
                {
                    "name": "SignpostMarv",
                    "homepage": "https://github.com/SignpostMarv",
                    "role": "Contributor"
                }
            ],
            "description": "Easy-to-use database abstraction",
            "keywords": [
                "database",
                "pdo",
                "security",
                "sql"
            ],
            "support": {
                "email": "info@paragonie.com",
                "issues": "https://github.com/paragonie/easydb/issues",
                "source": "https://github.com/paragonie/easydb"
            },
            "time": "2020-01-20T01:06:56+00:00"
        }
    ],
    "packages-dev": [],
    "aliases": [],
    "minimum-stability": "stable",
    "stability-flags": [],
    "prefer-stable": false,
    "prefer-lowest": false,
    "platform": [],
    "platform-dev": [],
    "plugin-api-version": "2.0.0"
}
